
Microsoft Visual Studio Solution File, Format Version 12.00
# Visual Studio Version 16
VisualStudioVersion = 16.0.33027.164
MinimumVisualStudioVersion = 10.0.40219.1
Project("{FAE04EC0-301F-11D3-BF4B-00C04F79EFBC}") = "Tictuc", "Tictuc.csproj", "{A4CDC13B-F5D4-43F4-A499-13C2E77B93DC}"
EndProject
Global
	GlobalSection(SolutionConfigurationPlatforms) = preSolution
		Debug|Any CPU = Debug|Any CPU
		Release|Any CPU = Release|Any CPU
	EndGlobalSection
	GlobalSection(ProjectConfigurationPlatforms) = postSolution
		{A4CDC13B-F5D4-43F4-A499-13C2E77B93DC}.Debug|Any CPU.ActiveCfg = Debug|Any CPU
		{A4CDC13B-F5D4-43F4-A499-13C2E77B93DC}.Debug|Any CPU.Build.0 = Debug|Any CPU
		{A4CDC13B-F5D4-43F4-A499-13C2E77B93DC}.Release|Any CPU.ActiveCfg = Release|Any CPU
		{A4CDC13B-F5D4-43F4-A499-13C2E77B93DC}.Release|Any CPU.Build.0 = Release|Any CPU
	EndGlobalSection
	GlobalSection(SolutionProperties) = preSolution
		HideSolutionNode = FALSE
	EndGlobalSection
	GlobalSection(ExtensibilityGlobals) = postSolution
		SolutionGuid = {A1D0BC01-B782-46F3-8BAB-F94C81F324DB}
	EndGlobalSection
EndGlobal
